{
  "name": "newajs",
  "version": "1.0.0",
  "lockfileVersion": 3,
  "requires": true,
  "packages": {
    "": {
      "name": "newajs",
      "version": "1.0.0",
      "license": "ISC",
      "dependencies": {
        "@nick-major/ajs": "^1.0.0"
      }
    },
    "node_modules/@nick-major/ajs": {
      "version": "1.0.0",
      "resolved": "https://npm.pkg.github.com/download/@nick-major/ajs/1.0.0/f96775ae1b9e340e0a662a13c8b3276644b9ae9c",
      "integrity": "sha512-4IJi8Oi01fy2kcU/Td1VqCRBt79DZK4Cp+sMu1JrHucgapYc8pvD45FD6nps7kEtsU3WXQvojE3wmBO0rCsKzQ==",
      "license": "ISC"
    }
  }
}
